// !$*UTF8*$!
{
	archiveVersion = 1;
	classes = {
	};
	objectVersion = 56;
	objects = {

/* Begin PBXBuildFile section */
		80CE8AE82A7A8113003DE318 /* CustomTabBar.swift in Sources */ = {isa = PBXBuildFile; fileRef = 80CE8AE72A7A8113003DE318 /* CustomTabBar.swift */; };
		80CE8AEA2A7A8196003DE318 /* SearchViewController.swift in Sources */ = {isa = PBXBuildFile; fileRef = 80CE8AE92A7A8196003DE318 /* SearchViewController.swift */; };
		80CE8AED2A7A8DA5003DE318 /* FeedBoxCell.swift in Sources */ = {isa = PBXBuildFile; fileRef = 80CE8AEB2A7A8DA5003DE318 /* FeedBoxCell.swift */; };
		80CE8AEE2A7A8DA5003DE318 /* FeedBoxCell.xib in Resources */ = {isa = PBXBuildFile; fileRef = 80CE8AEC2A7A8DA5003DE318 /* FeedBoxCell.xib */; };
		80CE8AF02A7AA75A003DE318 /* BookmarkViewController.swift in Sources */ = {isa = PBXBuildFile; fileRef = 80CE8AEF2A7AA75A003DE318 /* BookmarkViewController.swift */; };
		80CE8AF72A7CA1F8003DE318 /* ProfileViewController.swift in Sources */ = {isa = PBXBuildFile; fileRef = 80CE8AF62A7CA1F8003DE318 /* ProfileViewController.swift */; };
		80CE8AFA2A7CC5D0003DE318 /* UserInformationCell.swift in Sources */ = {isa = PBXBuildFile; fileRef = 80CE8AF82A7CC5D0003DE318 /* UserInformationCell.swift */; };
		80CE8AFB2A7CC5D0003DE318 /* UserInformationCell.xib in Resources */ = {isa = PBXBuildFile; fileRef = 80CE8AF92A7CC5D0003DE318 /* UserInformationCell.xib */; };
		80CE8AFD2A7CD246003DE318 /* DetailViewController.swift in Sources */ = {isa = PBXBuildFile; fileRef = 80CE8AFC2A7CD246003DE318 /* DetailViewController.swift */; };
		80CE8B062A7CD2CF003DE318 /* StepByStepTableViewCell.swift in Sources */ = {isa = PBXBuildFile; fileRef = 80CE8B042A7CD2CF003DE318 /* StepByStepTableViewCell.swift */; };
		80CE8B072A7CD2CF003DE318 /* StepByStepTableViewCell.xib in Resources */ = {isa = PBXBuildFile; fileRef = 80CE8B052A7CD2CF003DE318 /* StepByStepTableViewCell.xib */; };
		80CE8B092A7CDD56003DE318 /* HashtagCell.swift in Sources */ = {isa = PBXBuildFile; fileRef = 80CE8B082A7CDD56003DE318 /* HashtagCell.swift */; };
		80CE8B0C2A7CDE38003DE318 /* HashtagCollectionCell.swift in Sources */ = {isa = PBXBuildFile; fileRef = 80CE8B0B2A7CDE38003DE318 /* HashtagCollectionCell.swift */; };
		80CE8B122A7E4530003DE318 /* AddPostViewController.swift in Sources */ = {isa = PBXBuildFile; fileRef = 80CE8B112A7E4530003DE318 /* AddPostViewController.swift */; };
		80CE8B142A7F712C003DE318 /* AddIngredientCell.swift in Sources */ = {isa = PBXBuildFile; fileRef = 80CE8B132A7F712C003DE318 /* AddIngredientCell.swift */; };
		80CE8B162A7F73FD003DE318 /* RecipeCell.swift in Sources */ = {isa = PBXBuildFile; fileRef = 80CE8B152A7F73FD003DE318 /* RecipeCell.swift */; };
		80CE8B1B2A7F7B18003DE318 /* DetailTitleCell.swift in Sources */ = {isa = PBXBuildFile; fileRef = 80CE8B192A7F7B18003DE318 /* DetailTitleCell.swift */; };
		80CE8B1C2A7F7B18003DE318 /* DetailTitleCell.xib in Resources */ = {isa = PBXBuildFile; fileRef = 80CE8B1A2A7F7B18003DE318 /* DetailTitleCell.xib */; };
		80D2B5F92A791AD600B777D1 /* AppDelegate.swift in Sources */ = {isa = PBXBuildFile; fileRef = 80D2B5F82A791AD600B777D1 /* AppDelegate.swift */; };
		80D2B5FB2A791AD600B777D1 /* SceneDelegate.swift in Sources */ = {isa = PBXBuildFile; fileRef = 80D2B5FA2A791AD600B777D1 /* SceneDelegate.swift */; };
		80D2B5FD2A791AD600B777D1 /* ViewController.swift in Sources */ = {isa = PBXBuildFile; fileRef = 80D2B5FC2A791AD600B777D1 /* ViewController.swift */; };
		80D2B6002A791AD600B777D1 /* Main.storyboard in Resources */ = {isa = PBXBuildFile; fileRef = 80D2B5FE2A791AD600B777D1 /* Main.storyboard */; };
		80D2B6022A791AD900B777D1 /* Assets.xcassets in Resources */ = {isa = PBXBuildFile; fileRef = 80D2B6012A791AD900B777D1 /* Assets.xcassets */; };
		80D2B6052A791AD900B777D1 /* LaunchScreen.storyboard in Resources */ = {isa = PBXBuildFile; fileRef = 80D2B6032A791AD900B777D1 /* LaunchScreen.storyboard */; };
		80D2B60F2A792B0E00B777D1 /* FeedCell.swift in Sources */ = {isa = PBXBuildFile; fileRef = 80D2B60D2A792B0E00B777D1 /* FeedCell.swift */; };
		80D2B6102A792B0E00B777D1 /* FeedCell.xib in Resources */ = {isa = PBXBuildFile; fileRef = 80D2B60E2A792B0E00B777D1 /* FeedCell.xib */; };
		9C1D3DEFD0BE57A08FF77AE4 /* Pods_Gobong.framework in Frameworks */ = {isa = PBXBuildFile; fileRef = 2D508E52F6B78B8632109249 /* Pods_Gobong.framework */; };
/* End PBXBuildFile section */

/* Begin PBXFileReference section */
		022959A794955320A4DFB887 /* Pods-Gobong.release.xcconfig */ = {isa = PBXFileReference; includeInIndex = 1; lastKnownFileType = text.xcconfig; name = "Pods-Gobong.release.xcconfig"; path = "Target Support Files/Pods-Gobong/Pods-Gobong.release.xcconfig"; sourceTree = "<group>"; };
		2D508E52F6B78B8632109249 /* Pods_Gobong.framework */ = {isa = PBXFileReference; explicitFileType = wrapper.framework; includeInIndex = 0; path = Pods_Gobong.framework; sourceTree = BUILT_PRODUCTS_DIR; };
		80CE8AE72A7A8113003DE318 /* CustomTabBar.swift */ = {isa = PBXFileReference; lastKnownFileType = sourcecode.swift; path = CustomTabBar.swift; sourceTree = "<group>"; };
		80CE8AE92A7A8196003DE318 /* SearchViewController.swift */ = {isa = PBXFileReference; lastKnownFileType = sourcecode.swift; path = SearchViewController.swift; sourceTree = "<group>"; };
		80CE8AEB2A7A8DA5003DE318 /* FeedBoxCell.swift */ = {isa = PBXFileReference; lastKnownFileType = sourcecode.swift; path = FeedBoxCell.swift; sourceTree = "<group>"; };
		80CE8AEC2A7A8DA5003DE318 /* FeedBoxCell.xib */ = {isa = PBXFileReference; lastKnownFileType = file.xib; path = FeedBoxCell.xib; sourceTree = "<group>"; };
		80CE8AEF2A7AA75A003DE318 /* BookmarkViewController.swift */ = {isa = PBXFileReference; lastKnownFileType = sourcecode.swift; path = BookmarkViewController.swift; sourceTree = "<group>"; };
		80CE8AF62A7CA1F8003DE318 /* ProfileViewController.swift */ = {isa = PBXFileReference; lastKnownFileType = sourcecode.swift; path = ProfileViewController.swift; sourceTree = "<group>"; };
		80CE8AF82A7CC5D0003DE318 /* UserInformationCell.swift */ = {isa = PBXFileReference; lastKnownFileType = sourcecode.swift; path = UserInformationCell.swift; sourceTree = "<group>"; };
		80CE8AF92A7CC5D0003DE318 /* UserInformationCell.xib */ = {isa = PBXFileReference; lastKnownFileType = file.xib; path = UserInformationCell.xib; sourceTree = "<group>"; };
		80CE8AFC2A7CD246003DE318 /* DetailViewController.swift */ = {isa = PBXFileReference; lastKnownFileType = sourcecode.swift; path = DetailViewController.swift; sourceTree = "<group>"; };
		80CE8B042A7CD2CF003DE318 /* StepByStepTableViewCell.swift */ = {isa = PBXFileReference; lastKnownFileType = sourcecode.swift; path = StepByStepTableViewCell.swift; sourceTree = "<group>"; };
		80CE8B052A7CD2CF003DE318 /* StepByStepTableViewCell.xib */ = {isa = PBXFileReference; lastKnownFileType = file.xib; path = StepByStepTableViewCell.xib; sourceTree = "<group>"; };
		80CE8B082A7CDD56003DE318 /* HashtagCell.swift */ = {isa = PBXFileReference; lastKnownFileType = sourcecode.swift; path = HashtagCell.swift; sourceTree = "<group>"; };
		80CE8B0B2A7CDE38003DE318 /* HashtagCollectionCell.swift */ = {isa = PBXFileReference; lastKnownFileType = sourcecode.swift; path = HashtagCollectionCell.swift; sourceTree = "<group>"; };
		80CE8B112A7E4530003DE318 /* AddPostViewController.swift */ = {isa = PBXFileReference; lastKnownFileType = sourcecode.swift; path = AddPostViewController.swift; sourceTree = "<group>"; };
		80CE8B132A7F712C003DE318 /* AddIngredientCell.swift */ = {isa = PBXFileReference; lastKnownFileType = sourcecode.swift; path = AddIngredientCell.swift; sourceTree = "<group>"; };
		80CE8B152A7F73FD003DE318 /* RecipeCell.swift */ = {isa = PBXFileReference; lastKnownFileType = sourcecode.swift; path = RecipeCell.swift; sourceTree = "<group>"; };
		80CE8B192A7F7B18003DE318 /* DetailTitleCell.swift */ = {isa = PBXFileReference; lastKnownFileType = sourcecode.swift; path = DetailTitleCell.swift; sourceTree = "<group>"; };
		80CE8B1A2A7F7B18003DE318 /* DetailTitleCell.xib */ = {isa = PBXFileReference; lastKnownFileType = file.xib; path = DetailTitleCell.xib; sourceTree = "<group>"; };
		80D2B5F52A791AD600B777D1 /* Gobong.app */ = {isa = PBXFileReference; explicitFileType = wrapper.application; includeInIndex = 0; path = Gobong.app; sourceTree = BUILT_PRODUCTS_DIR; };
		80D2B5F82A791AD600B777D1 /* AppDelegate.swift */ = {isa = PBXFileReference; lastKnownFileType = sourcecode.swift; path = AppDelegate.swift; sourceTree = "<group>"; };
		80D2B5FA2A791AD600B777D1 /* SceneDelegate.swift */ = {isa = PBXFileReference; lastKnownFileType = sourcecode.swift; path = SceneDelegate.swift; sourceTree = "<group>"; };
		80D2B5FC2A791AD600B777D1 /* ViewController.swift */ = {isa = PBXFileReference; lastKnownFileType = sourcecode.swift; path = ViewController.swift; sourceTree = "<group>"; };
		80D2B5FF2A791AD600B777D1 /* Base */ = {isa = PBXFileReference; lastKnownFileType = file.storyboard; name = Base; path = Base.lproj/Main.storyboard; sourceTree = "<group>"; };
		80D2B6012A791AD900B777D1 /* Assets.xcassets */ = {isa = PBXFileReference; lastKnownFileType = folder.assetcatalog; path = Assets.xcassets; sourceTree = "<group>"; };
		80D2B6042A791AD900B777D1 /* Base */ = {isa = PBXFileReference; lastKnownFileType = file.storyboard; name = Base; path = Base.lproj/LaunchScreen.storyboard; sourceTree = "<group>"; };
		80D2B6062A791AD900B777D1 /* Info.plist */ = {isa = PBXFileReference; lastKnownFileType = text.plist.xml; path = Info.plist; sourceTree = "<group>"; };
		80D2B60D2A792B0E00B777D1 /* FeedCell.swift */ = {isa = PBXFileReference; lastKnownFileType = sourcecode.swift; path = FeedCell.swift; sourceTree = "<group>"; };
		80D2B60E2A792B0E00B777D1 /* FeedCell.xib */ = {isa = PBXFileReference; lastKnownFileType = file.xib; path = FeedCell.xib; sourceTree = "<group>"; };
		B1F845660FE98997D05633BB /* Pods-Gobong.debug.xcconfig */ = {isa = PBXFileReference; includeInIndex = 1; lastKnownFileType = text.xcconfig; name = "Pods-Gobong.debug.xcconfig"; path = "Target Support Files/Pods-Gobong/Pods-Gobong.debug.xcconfig"; sourceTree = "<group>"; };
/* End PBXFileReference section */

/* Begin PBXFrameworksBuildPhase section */
		80D2B5F22A791AD600B777D1 /* Frameworks */ = {
			isa = PBXFrameworksBuildPhase;
			buildActionMask = 2147483647;
			files = (
				9C1D3DEFD0BE57A08FF77AE4 /* Pods_Gobong.framework in Frameworks */,
			);
			runOnlyForDeploymentPostprocessing = 0;
		};
/* End PBXFrameworksBuildPhase section */

/* Begin PBXGroup section */
		80CE8B0A2A7CDE0F003DE318 /* Hashtag */ = {
			isa = PBXGroup;
			children = (
				80CE8B082A7CDD56003DE318 /* HashtagCell.swift */,
				80CE8B0B2A7CDE38003DE318 /* HashtagCollectionCell.swift */,
				80CE8B192A7F7B18003DE318 /* DetailTitleCell.swift */,
				80CE8B1A2A7F7B18003DE318 /* DetailTitleCell.xib */,
			);
			path = Hashtag;
			sourceTree = "<group>";
		};
		80D2B5EC2A791AD600B777D1 = {
			isa = PBXGroup;
			children = (
				80D2B5F72A791AD600B777D1 /* Gobong */,
				80D2B5F62A791AD600B777D1 /* Products */,
				9969C1CA4847A1D32536C89D /* Pods */,
				9C1F860B1547036E24A021BF /* Frameworks */,
			);
			sourceTree = "<group>";
		};
		80D2B5F62A791AD600B777D1 /* Products */ = {
			isa = PBXGroup;
			children = (
				80D2B5F52A791AD600B777D1 /* Gobong.app */,
			);
			name = Products;
			sourceTree = "<group>";
		};
		80D2B5F72A791AD600B777D1 /* Gobong */ = {
			isa = PBXGroup;
			children = (
				80D2B5F82A791AD600B777D1 /* AppDelegate.swift */,
				80D2B5FA2A791AD600B777D1 /* SceneDelegate.swift */,
				80D2B60C2A79278700B777D1 /* ViewController */,
				80D2B5FE2A791AD600B777D1 /* Main.storyboard */,
				80D2B6012A791AD900B777D1 /* Assets.xcassets */,
				80D2B6032A791AD900B777D1 /* LaunchScreen.storyboard */,
				80D2B6062A791AD900B777D1 /* Info.plist */,
			);
			path = Gobong;
			sourceTree = "<group>";
		};
		80D2B60C2A79278700B777D1 /* ViewController */ = {
			isa = PBXGroup;
			children = (
				80CE8AE72A7A8113003DE318 /* CustomTabBar.swift */,
				80D2B5FC2A791AD600B777D1 /* ViewController.swift */,
				80CE8AE92A7A8196003DE318 /* SearchViewController.swift */,
				80CE8AEF2A7AA75A003DE318 /* BookmarkViewController.swift */,
				80CE8AF62A7CA1F8003DE318 /* ProfileViewController.swift */,
				80CE8AFC2A7CD246003DE318 /* DetailViewController.swift */,
				80CE8B112A7E4530003DE318 /* AddPostViewController.swift */,
				80D2B6112A792B1600B777D1 /* Cell */,
			);
			path = ViewController;
			sourceTree = "<group>";
		};
		80D2B6112A792B1600B777D1 /* Cell */ = {
			isa = PBXGroup;
			children = (
				80D2B60D2A792B0E00B777D1 /* FeedCell.swift */,
				80D2B60E2A792B0E00B777D1 /* FeedCell.xib */,
				80CE8AEB2A7A8DA5003DE318 /* FeedBoxCell.swift */,
				80CE8AEC2A7A8DA5003DE318 /* FeedBoxCell.xib */,
				80CE8AF82A7CC5D0003DE318 /* UserInformationCell.swift */,
				80CE8AF92A7CC5D0003DE318 /* UserInformationCell.xib */,
				80CE8B042A7CD2CF003DE318 /* StepByStepTableViewCell.swift */,
				80CE8B052A7CD2CF003DE318 /* StepByStepTableViewCell.xib */,
				80CE8B132A7F712C003DE318 /* AddIngredientCell.swift */,
				80CE8B152A7F73FD003DE318 /* RecipeCell.swift */,
				80CE8B0A2A7CDE0F003DE318 /* Hashtag */,
			);
			path = Cell;
			sourceTree = "<group>";
		};
		9969C1CA4847A1D32536C89D /* Pods */ = {
			isa = PBXGroup;
			children = (
				B1F845660FE98997D05633BB /* Pods-Gobong.debug.xcconfig */,
				022959A794955320A4DFB887 /* Pods-Gobong.release.xcconfig */,
			);
			path = Pods;
			sourceTree = "<group>";
		};
		9C1F860B1547036E24A021BF /* Frameworks */ = {
			isa = PBXGroup;
			children = (
				2D508E52F6B78B8632109249 /* Pods_Gobong.framework */,
			);
			name = Frameworks;
			sourceTree = "<group>";
		};
/* End PBXGroup section */

/* Begin PBXNativeTarget section */
		80D2B5F42A791AD600B777D1 /* Gobong */ = {
			isa = PBXNativeTarget;
			buildConfigurationList = 80D2B6092A791AD900B777D1 /* Build configuration list for PBXNativeTarget "Gobong" */;
			buildPhases = (
				50AA02920119DA9E214364A3 /* [CP] Check Pods Manifest.lock */,
				80D2B5F12A791AD600B777D1 /* Sources */,
				80D2B5F22A791AD600B777D1 /* Frameworks */,
				80D2B5F32A791AD600B777D1 /* Resources */,
				41114789EDED84D9A4CBB6DD /* [CP] Embed Pods Frameworks */,
			);
			buildRules = (
			);
			dependencies = (
			);
			name = Gobong;
			productName = Gobong;
			productReference = 80D2B5F52A791AD600B777D1 /* Gobong.app */;
			productType = "com.apple.product-type.application";
		};
/* End PBXNativeTarget section */

/* Begin PBXProject section */
		80D2B5ED2A791AD600B777D1 /* Project object */ = {
			isa = PBXProject;
			attributes = {
				BuildIndependentTargetsInParallel = 1;
				LastSwiftUpdateCheck = 1430;
				LastUpgradeCheck = 1430;
				TargetAttributes = {
					80D2B5F42A791AD600B777D1 = {
						CreatedOnToolsVersion = 14.3.1;
					};
				};
			};
			buildConfigurationList = 80D2B5F02A791AD600B777D1 /* Build configuration list for PBXProject "Gobong" */;
			compatibilityVersion = "Xcode 14.0";
			developmentRegion = en;
			hasScannedForEncodings = 0;
			knownRegions = (
				en,
				Base,
			);
			mainGroup = 80D2B5EC2A791AD600B777D1;
			productRefGroup = 80D2B5F62A791AD600B777D1 /* Products */;
			projectDirPath = "";
			projectRoot = "";
			targets = (
				80D2B5F42A791AD600B777D1 /* Gobong */,
			);
		};
/* End PBXProject section */

/* Begin PBXResourcesBuildPhase section */
		80D2B5F32A791AD600B777D1 /* Resources */ = {
			isa = PBXResourcesBuildPhase;
			buildActionMask = 2147483647;
			files = (
				80D2B6052A791AD900B777D1 /* LaunchScreen.storyboard in Resources */,
				80CE8B1C2A7F7B18003DE318 /* DetailTitleCell.xib in Resources */,
				80CE8AFB2A7CC5D0003DE318 /* UserInformationCell.xib in Resources */,
				80D2B6102A792B0E00B777D1 /* FeedCell.xib in Resources */,
				80D2B6022A791AD900B777D1 /* Assets.xcassets in Resources */,
				80CE8AEE2A7A8DA5003DE318 /* FeedBoxCell.xib in Resources */,
				80CE8B072A7CD2CF003DE318 /* StepByStepTableViewCell.xib in Resources */,
				80D2B6002A791AD600B777D1 /* Main.storyboard in Resources */,
			);
			runOnlyForDeploymentPostprocessing = 0;
		};
/* End PBXResourcesBuildPhase section */

/* Begin PBXShellScriptBuildPhase section */
		41114789EDED84D9A4CBB6DD /* [CP] Embed Pods Frameworks */ = {
			isa = PBXShellScriptBuildPhase;
			buildActionMask = 2147483647;
			files = (
			);
			inputFileListPaths = (
				"${PODS_ROOT}/Target Support Files/Pods-Gobong/Pods-Gobong-frameworks-${CONFIGURATION}-input-files.xcfilelist",
			);
			name = "[CP] Embed Pods Frameworks";
			outputFileListPaths = (
				"${PODS_ROOT}/Target Support Files/Pods-Gobong/Pods-Gobong-frameworks-${CONFIGURATION}-output-files.xcfilelist",
			);
			runOnlyForDeploymentPostprocessing = 0;
			shellPath = /bin/sh;
			shellScript = "\"${PODS_ROOT}/Target Support Files/Pods-Gobong/Pods-Gobong-frameworks.sh\"\n";
			showEnvVarsInLog = 0;
		};
		50AA02920119DA9E214364A3 /* [CP] Check Pods Manifest.lock */ = {
			isa = PBXShellScriptBuildPhase;
			buildActionMask = 2147483647;
			files = (
			);
			inputFileListPaths = (
			);
			inputPaths = (
				"${PODS_PODFILE_DIR_PATH}/Podfile.lock",
				"${PODS_ROOT}/Manifest.lock",
			);
			name = "[CP] Check Pods Manifest.lock";
			outputFileListPaths = (
			);
			outputPaths = (
				"$(DERIVED_FILE_DIR)/Pods-Gobong-checkManifestLockResult.txt",
			);
			runOnlyForDeploymentPostprocessing = 0;
			shellPath = /bin/sh;
			shellScript = "diff \"${PODS_PODFILE_DIR_PATH}/Podfile.lock\" \"${PODS_ROOT}/Manifest.lock\" > /dev/null\nif [ $? != 0 ] ; then\n    # print error to STDERR\n    echo \"error: The sandbox is not in sync with the Podfile.lock. Run 'pod install' or update your CocoaPods installation.\" >&2\n    exit 1\nfi\n# This output is used by Xcode 'outputs' to avoid re-running this script phase.\necho \"SUCCESS\" > \"${SCRIPT_OUTPUT_FILE_0}\"\n";
			showEnvVarsInLog = 0;
		};
/* End PBXShellScriptBuildPhase section */

/* Begin PBXSourcesBuildPhase section */
		80D2B5F12A791AD600B777D1 /* Sources */ = {
			isa = PBXSourcesBuildPhase;
			buildActionMask = 2147483647;
			files = (
				80CE8AFD2A7CD246003DE318 /* DetailViewController.swift in Sources */,
				80CE8AEA2A7A8196003DE318 /* SearchViewController.swift in Sources */,
				80CE8AFA2A7CC5D0003DE318 /* UserInformationCell.swift in Sources */,
				80CE8B1B2A7F7B18003DE318 /* DetailTitleCell.swift in Sources */,
				80CE8B162A7F73FD003DE318 /* RecipeCell.swift in Sources */,
				80CE8B122A7E4530003DE318 /* AddPostViewController.swift in Sources */,
				80CE8AED2A7A8DA5003DE318 /* FeedBoxCell.swift in Sources */,
				80CE8B092A7CDD56003DE318 /* HashtagCell.swift in Sources */,
				80D2B5FD2A791AD600B777D1 /* ViewController.swift in Sources */,
				80CE8AE82A7A8113003DE318 /* CustomTabBar.swift in Sources */,
				80CE8B062A7CD2CF003DE318 /* StepByStepTableViewCell.swift in Sources */,
				80CE8AF02A7AA75A003DE318 /* BookmarkViewController.swift in Sources */,
				80D2B60F2A792B0E00B777D1 /* FeedCell.swift in Sources */,
				80CE8AF72A7CA1F8003DE318 /* ProfileViewController.swift in Sources */,
				80D2B5F92A791AD600B777D1 /* AppDelegate.swift in Sources */,
				80CE8B0C2A7CDE38003DE318 /* HashtagCollectionCell.swift in Sources */,
				80CE8B142A7F712C003DE318 /* AddIngredientCell.swift in Sources */,
				80D2B5FB2A791AD600B777D1 /* SceneDelegate.swift in Sources */,
			);
			runOnlyForDeploymentPostprocessing = 0;
		};
/* End PBXSourcesBuildPhase section */

/* Begin PBXVariantGroup section */
		80D2B5FE2A791AD600B777D1 /* Main.storyboard */ = {
			isa = PBXVariantGroup;
			children = (
				80D2B5FF2A791AD600B777D1 /* Base */,
			);
			name = Main.storyboard;
			sourceTree = "<group>";
		};
		80D2B6032A791AD900B777D1 /* LaunchScreen.storyboard */ = {
			isa = PBXVariantGroup;
			children = (
				80D2B6042A791AD900B777D1 /* Base */,
			);
			name = LaunchScreen.storyboard;
			sourceTree = "<group>";
		};
/* End PBXVariantGroup section */

/* Begin XCBuildConfiguration section */
		80D2B6072A791AD900B777D1 /* Debug */ = {
			isa = XCBuildConfiguration;
			buildSettings = {
				ALWAYS_SEARCH_USER_PATHS = NO;
				CLANG_ANALYZER_NONNULL = YES;
				CLANG_ANALYZER_NUMBER_OBJECT_CONVERSION = YES_AGGRESSIVE;
				CLANG_CXX_LANGUAGE_STANDARD = "gnu++20";
				CLANG_ENABLE_MODULES = YES;
				CLANG_ENABLE_OBJC_ARC = YES;
				CLANG_ENABLE_OBJC_WEAK = YES;
				CLANG_WARN_BLOCK_CAPTURE_AUTORELEASING = YES;
				CLANG_WARN_BOOL_CONVERSION = YES;
				CLANG_WARN_COMMA = YES;
				CLANG_WARN_CONSTANT_CONVERSION = YES;
				CLANG_WARN_DEPRECATED_OBJC_IMPLEMENTATIONS = YES;
				CLANG_WARN_DIRECT_OBJC_ISA_USAGE = YES_ERROR;
				CLANG_WARN_DOCUMENTATION_COMMENTS = YES;
				CLANG_WARN_EMPTY_BODY = YES;
				CLANG_WARN_ENUM_CONVERSION = YES;
				CLANG_WARN_INFINITE_RECURSION = YES;
				CLANG_WARN_INT_CONVERSION = YES;
				CLANG_WARN_NON_LITERAL_NULL_CONVERSION = YES;
				CLANG_WARN_OBJC_IMPLICIT_RETAIN_SELF = YES;
				CLANG_WARN_OBJC_LITERAL_CONVERSION = YES;
				CLANG_WARN_OBJC_ROOT_CLASS = YES_ERROR;
				CLANG_WARN_QUOTED_INCLUDE_IN_FRAMEWORK_HEADER = YES;
				CLANG_WARN_RANGE_LOOP_ANALYSIS = YES;
				CLANG_WARN_STRICT_PROTOTYPES = YES;
				CLANG_WARN_SUSPICIOUS_MOVE = YES;
				CLANG_WARN_UNGUARDED_AVAILABILITY = YES_AGGRESSIVE;
				CLANG_WARN_UNREACHABLE_CODE = YES;
				CLANG_WARN__DUPLICATE_METHOD_MATCH = YES;
				COPY_PHASE_STRIP = NO;
				DEBUG_INFORMATION_FORMAT = dwarf;
				ENABLE_STRICT_OBJC_MSGSEND = YES;
				ENABLE_TESTABILITY = YES;
				GCC_C_LANGUAGE_STANDARD = gnu11;
				GCC_DYNAMIC_NO_PIC = NO;
				GCC_NO_COMMON_BLOCKS = YES;
				GCC_OPTIMIZATION_LEVEL = 0;
				GCC_PREPROCESSOR_DEFINITIONS = (
					"DEBUG=1",
					"$(inherited)",
				);
				GCC_WARN_64_TO_32_BIT_CONVERSION = YES;
				GCC_WARN_ABOUT_RETURN_TYPE = YES_ERROR;
				GCC_WARN_UNDECLARED_SELECTOR = YES;
				GCC_WARN_UNINITIALIZED_AUTOS = YES_AGGRESSIVE;
				GCC_WARN_UNUSED_FUNCTION = YES;
				GCC_WARN_UNUSED_VARIABLE = YES;
				IPHONEOS_DEPLOYMENT_TARGET = 16.4;
				MTL_ENABLE_DEBUG_INFO = INCLUDE_SOURCE;
				MTL_FAST_MATH = YES;
				ONLY_ACTIVE_ARCH = YES;
				SDKROOT = iphoneos;
				SWIFT_ACTIVE_COMPILATION_CONDITIONS = DEBUG;
				SWIFT_OPTIMIZATION_LEVEL = "-Onone";
			};
			name = Debug;
		};
		80D2B6082A791AD900B777D1 /* Release */ = {
			isa = XCBuildConfiguration;
			buildSettings = {
				ALWAYS_SEARCH_USER_PATHS = NO;
				CLANG_ANALYZER_NONNULL = YES;
				CLANG_ANALYZER_NUMBER_OBJECT_CONVERSION = YES_AGGRESSIVE;
				CLANG_CXX_LANGUAGE_STANDARD = "gnu++20";
				CLANG_ENABLE_MODULES = YES;
				CLANG_ENABLE_OBJC_ARC = YES;
				CLANG_ENABLE_OBJC_WEAK = YES;
				CLANG_WARN_BLOCK_CAPTURE_AUTORELEASING = YES;
				CLANG_WARN_BOOL_CONVERSION = YES;
				CLANG_WARN_COMMA = YES;
				CLANG_WARN_CONSTANT_CONVERSION = YES;
				CLANG_WARN_DEPRECATED_OBJC_IMPLEMENTATIONS = YES;
				CLANG_WARN_DIRECT_OBJC_ISA_USAGE = YES_ERROR;
				CLANG_WARN_DOCUMENTATION_COMMENTS = YES;
				CLANG_WARN_EMPTY_BODY = YES;
				CLANG_WARN_ENUM_CONVERSION = YES;
				CLANG_WARN_INFINITE_RECURSION = YES;
				CLANG_WARN_INT_CONVERSION = YES;
				CLANG_WARN_NON_LITERAL_NULL_CONVERSION = YES;
				CLANG_WARN_OBJC_IMPLICIT_RETAIN_SELF = YES;
				CLANG_WARN_OBJC_LITERAL_CONVERSION = YES;
				CLANG_WARN_OBJC_ROOT_CLASS = YES_ERROR;
				CLANG_WARN_QUOTED_INCLUDE_IN_FRAMEWORK_HEADER = YES;
				CLANG_WARN_RANGE_LOOP_ANALYSIS = YES;
				CLANG_WARN_STRICT_PROTOTYPES = YES;
				CLANG_WARN_SUSPICIOUS_MOVE = YES;
				CLANG_WARN_UNGUARDED_AVAILABILITY = YES_AGGRESSIVE;
				CLANG_WARN_UNREACHABLE_CODE = YES;
				CLANG_WARN__DUPLICATE_METHOD_MATCH = YES;
				COPY_PHASE_STRIP = NO;
				DEBUG_INFORMATION_FORMAT = "dwarf-with-dsym";
				ENABLE_NS_ASSERTIONS = NO;
				ENABLE_STRICT_OBJC_MSGSEND = YES;
				GCC_C_LANGUAGE_STANDARD = gnu11;
				GCC_NO_COMMON_BLOCKS = YES;
				GCC_WARN_64_TO_32_BIT_CONVERSION = YES;
				GCC_WARN_ABOUT_RETURN_TYPE = YES_ERROR;
				GCC_WARN_UNDECLARED_SELECTOR = YES;
				GCC_WARN_UNINITIALIZED_AUTOS = YES_AGGRESSIVE;
				GCC_WARN_UNUSED_FUNCTION = YES;
				GCC_WARN_UNUSED_VARIABLE = YES;
				IPHONEOS_DEPLOYMENT_TARGET = 16.4;
				MTL_ENABLE_DEBUG_INFO = NO;
				MTL_FAST_MATH = YES;
				SDKROOT = iphoneos;
				SWIFT_COMPILATION_MODE = wholemodule;
				SWIFT_OPTIMIZATION_LEVEL = "-O";
				VALIDATE_PRODUCT = YES;
			};
			name = Release;
		};
		80D2B60A2A791AD900B777D1 /* Debug */ = {
			isa = XCBuildConfiguration;
			baseConfigurationReference = B1F845660FE98997D05633BB /* Pods-Gobong.debug.xcconfig */;
			buildSettings = {
				ASSETCATALOG_COMPILER_APPICON_NAME = AppIcon;
				ASSETCATALOG_COMPILER_GLOBAL_ACCENT_COLOR_NAME = AccentColor;
				CODE_SIGN_STYLE = Automatic;
				CURRENT_PROJECT_VERSION = 1;
				GENERATE_INFOPLIST_FILE = YES;
				INFOPLIST_FILE = Gobong/Info.plist;
				INFOPLIST_KEY_NSAppleMusicUsageDescription = "사진 라이브러리에 접근하여 사진을 업로드하려고 합니다.";
				INFOPLIST_KEY_NSCameraUsageDescription = "접근하여 사진을 업로드하려고 합니다.";
				INFOPLIST_KEY_NSPhotoLibraryUsageDescription = "사진 라이브러리에 접근하여 사진을 업로드하려고 합니다.";
				INFOPLIST_KEY_UIApplicationSupportsIndirectInputEvents = YES;
				INFOPLIST_KEY_UILaunchStoryboardName = LaunchScreen;
				INFOPLIST_KEY_UIMainStoryboardFile = Main;
				INFOPLIST_KEY_UISupportedInterfaceOrientations_iPad = "UIInterfaceOrientationPortrait UIInterfaceOrientationPortraitUpsideDown UIInterfaceOrientationLandscapeLeft UIInterfaceOrientationLandscapeRight";
				INFOPLIST_KEY_UISupportedInterfaceOrientations_iPhone = UIInterfaceOrientationPortrait;
				IPHONEOS_DEPLOYMENT_TARGET = 14.0;
				LD_RUNPATH_SEARCH_PATHS = (
					"$(inherited)",
					"@executable_path/Frameworks",
				);
				MARKETING_VERSION = 1.0;
				PRODUCT_BUNDLE_IDENTIFIER = febby.Gobong;
				PRODUCT_NAME = "$(TARGET_NAME)";
				SWIFT_EMIT_LOC_STRINGS = YES;
				SWIFT_VERSION = 5.0;
				TARGETED_DEVICE_FAMILY = "1,2";
			};
			name = Debug;
		};
		80D2B60B2A791AD900B777D1 /* Release */ = {
			isa = XCBuildConfiguration;
			baseConfigurationReference = 022959A794955320A4DFB887 /* Pods-Gobong.release.xcconfig */;
			buildSettings = {
				ASSETCATALOG_COMPILER_APPICON_NAME = AppIcon;
				ASSETCATALOG_COMPILER_GLOBAL_ACCENT_COLOR_NAME = AccentColor;
				CODE_SIGN_STYLE = Automatic;
				CURRENT_PROJECT_VERSION = 1;
				GENERATE_INFOPLIST_FILE = YES;
				INFOPLIST_FILE = Gobong/Info.plist;
				INFOPLIST_KEY_NSAppleMusicUsageDescription = "사진 라이브러리에 접근하여 사진을 업로드하려고 합니다.";
				INFOPLIST_KEY_NSCameraUsageDescription = "접근하여 사진을 업로드하려고 합니다.";
				INFOPLIST_KEY_NSPhotoLibraryUsageDescription = "사진 라이브러리에 접근하여 사진을 업로드하려고 합니다.";
				INFOPLIST_KEY_UIApplicationSupportsIndirectInputEvents = YES;
				INFOPLIST_KEY_UILaunchStoryboardName = LaunchScreen;
				INFOPLIST_KEY_UIMainStoryboardFile = Main;
				INFOPLIST_KEY_UISupportedInterfaceOrientations_iPad = "UIInterfaceOrientationPortrait UIInterfaceOrientationPortraitUpsideDown UIInterfaceOrientationLandscapeLeft UIInterfaceOrientationLandscapeRight";
				INFOPLIST_KEY_UISupportedInterfaceOrientations_iPhone = UIInterfaceOrientationPortrait;
				IPHONEOS_DEPLOYMENT_TARGET = 14.0;
				LD_RUNPATH_SEARCH_PATHS = (
					"$(inherited)",
					"@executable_path/Frameworks",
				);
				MARKETING_VERSION = 1.0;
				PRODUCT_BUNDLE_IDENTIFIER = febby.Gobong;
				PRODUCT_NAME = "$(TARGET_NAME)";
				SWIFT_EMIT_LOC_STRINGS = YES;
				SWIFT_VERSION = 5.0;
				TARGETED_DEVICE_FAMILY = "1,2";
			};
			name = Release;
		};
/* End XCBuildConfiguration section */

/* Begin XCConfigurationList section */
		80D2B5F02A791AD600B777D1 /* Build configuration list for PBXProject "Gobong" */ = {
			isa = XCConfigurationList;
			buildConfigurations = (
				80D2B6072A791AD900B777D1 /* Debug */,
				80D2B6082A791AD900B777D1 /* Release */,
			);
			defaultConfigurationIsVisible = 0;
			defaultConfigurationName = Release;
		};
		80D2B6092A791AD900B777D1 /* Build configuration list for PBXNativeTarget "Gobong" */ = {
			isa = XCConfigurationList;
			buildConfigurations = (
				80D2B60A2A791AD900B777D1 /* Debug */,
				80D2B60B2A791AD900B777D1 /* Release */,
			);
			defaultConfigurationIsVisible = 0;
			defaultConfigurationName = Release;
		};
/* End XCConfigurationList section */
	};
	rootObject = 80D2B5ED2A791AD600B777D1 /* Project object */;
}
